
Microsoft Visual Studio Solution File, Format Version 12.00
# Visual Studio Version 16
VisualStudioVersion = 16.0.30717.126
MinimumVisualStudioVersion = 10.0.40219.1
Project("{FAE04EC0-301F-11D3-BF4B-00C04F79EFBC}") = "assignment2EAD", "assignment2EAD\assignment2EAD.csproj", "{03031F6C-C92F-4047-87FF-86EE4AF01D3A}"
EndProject
Global
	GlobalSection(SolutionConfigurationPlatforms) = preSolution
		Debug|Any CPU = Debug|Any CPU
		Release|Any CPU = Release|Any CPU
	EndGlobalSection
	GlobalSection(ProjectConfigurationPlatforms) = postSolution
		{03031F6C-C92F-4047-87FF-86EE4AF01D3A}.Debug|Any CPU.ActiveCfg = Debug|Any CPU
		{03031F6C-C92F-4047-87FF-86EE4AF01D3A}.Debug|Any CPU.Build.0 = Debug|Any CPU
		{03031F6C-C92F-4047-87FF-86EE4AF01D3A}.Release|Any CPU.ActiveCfg = Release|Any CPU
		{03031F6C-C92F-4047-87FF-86EE4AF01D3A}.Release|Any CPU.Build.0 = Release|Any CPU
	EndGlobalSection
	GlobalSection(SolutionProperties) = preSolution
		HideSolutionNode = FALSE
	EndGlobalSection
	GlobalSection(ExtensibilityGlobals) = postSolution
		SolutionGuid = {553D4760-D9E6-4840-9D3F-128F6D65CBA1}
	EndGlobalSection
EndGlobal
